// !$*UTF8*$!
{
	archiveVersion = 1;
	classes = {
	};
	objectVersion = 46;
	objects = {

/* Begin PBXBuildFile section */
		A62CC66818B234F50026D2C9 /* CarouselItem.m in Sources */ = {isa = PBXBuildFile; fileRef = A62CC66218B234F50026D2C9 /* CarouselItem.m */; };
		A62CC66918B234F50026D2C9 /* CarouselItem.xib in Resources */ = {isa = PBXBuildFile; fileRef = A62CC66318B234F50026D2C9 /* CarouselItem.xib */; };
		A62CC66A18B234F50026D2C9 /* CarouselView.m in Sources */ = {isa = PBXBuildFile; fileRef = A62CC66518B234F50026D2C9 /* CarouselView.m */; };
		A62CC66B18B234F50026D2C9 /* NSArray+Circular.m in Sources */ = {isa = PBXBuildFile; fileRef = A62CC66718B234F50026D2C9 /* NSArray+Circular.m */; };
		A62CC66D18B235620026D2C9 /* sample.png in Resources */ = {isa = PBXBuildFile; fileRef = A62CC66C18B235620026D2C9 /* sample.png */; };
		A62CC67018B23EDA0026D2C9 /* DemoCarouselItem.m in Sources */ = {isa = PBXBuildFile; fileRef = A62CC66F18B23EDA0026D2C9 /* DemoCarouselItem.m */; };
		A62CC67218B23EF90026D2C9 /* DemoCarouselItem.xib in Resources */ = {isa = PBXBuildFile; fileRef = A62CC67118B23EF90026D2C9 /* DemoCarouselItem.xib */; };
		A655C19918A8DCAC009B1581 /* Foundation.framework in Frameworks */ = {isa = PBXBuildFile; fileRef = A655C19818A8DCAC009B1581 /* Foundation.framework */; };
		A655C19B18A8DCAC009B1581 /* CoreGraphics.framework in Frameworks */ = {isa = PBXBuildFile; fileRef = A655C19A18A8DCAC009B1581 /* CoreGraphics.framework */; };
		A655C19D18A8DCAC009B1581 /* UIKit.framework in Frameworks */ = {isa = PBXBuildFile; fileRef = A655C19C18A8DCAC009B1581 /* UIKit.framework */; };
		A655C1A318A8DCAC009B1581 /* InfoPlist.strings in Resources */ = {isa = PBXBuildFile; fileRef = A655C1A118A8DCAC009B1581 /* InfoPlist.strings */; };
		A655C1A518A8DCAC009B1581 /* main.m in Sources */ = {isa = PBXBuildFile; fileRef = A655C1A418A8DCAC009B1581 /* main.m */; };
		A655C1A918A8DCAC009B1581 /* DemoAppDelegate.m in Sources */ = {isa = PBXBuildFile; fileRef = A655C1A818A8DCAC009B1581 /* DemoAppDelegate.m */; };
		A655C1AC18A8DCAC009B1581 /* Main_iPhone.storyboard in Resources */ = {isa = PBXBuildFile; fileRef = A655C1AA18A8DCAC009B1581 /* Main_iPhone.storyboard */; };
		A655C1AF18A8DCAC009B1581 /* Main_iPad.storyboard in Resources */ = {isa = PBXBuildFile; fileRef = A655C1AD18A8DCAC009B1581 /* Main_iPad.storyboard */; };
		A655C1B218A8DCAC009B1581 /* DemoViewController.m in Sources */ = {isa = PBXBuildFile; fileRef = A655C1B118A8DCAC009B1581 /* DemoViewController.m */; };
		A655C1B418A8DCAC009B1581 /* Images.xcassets in Resources */ = {isa = PBXBuildFile; fileRef = A655C1B318A8DCAC009B1581 /* Images.xcassets */; };
		A655C1BB18A8DCAD009B1581 /* XCTest.framework in Frameworks */ = {isa = PBXBuildFile; fileRef = A655C1BA18A8DCAD009B1581 /* XCTest.framework */; };
		A655C1BC18A8DCAD009B1581 /* Foundation.framework in Frameworks */ = {isa = PBXBuildFile; fileRef = A655C19818A8DCAC009B1581 /* Foundation.framework */; };
		A655C1BD18A8DCAD009B1581 /* UIKit.framework in Frameworks */ = {isa = PBXBuildFile; fileRef = A655C19C18A8DCAC009B1581 /* UIKit.framework */; };
		A66F344018B34C1E00E064F7 /* castle.jpg in Resources */ = {isa = PBXBuildFile; fileRef = A66F343A18B34C1E00E064F7 /* castle.jpg */; };
		A66F344118B34C1E00E064F7 /* castle@2x.jpg in Resources */ = {isa = PBXBuildFile; fileRef = A66F343B18B34C1E00E064F7 /* castle@2x.jpg */; };
		A66F344218B34C1E00E064F7 /* fageda.jpg in Resources */ = {isa = PBXBuildFile; fileRef = A66F343C18B34C1E00E064F7 /* fageda.jpg */; };
		A66F344318B34C1E00E064F7 /* fageda@2x.jpg in Resources */ = {isa = PBXBuildFile; fileRef = A66F343D18B34C1E00E064F7 /* fageda@2x.jpg */; };
		A66F344418B34C1E00E064F7 /* lily.jpg in Resources */ = {isa = PBXBuildFile; fileRef = A66F343E18B34C1E00E064F7 /* lily.jpg */; };
		A66F344518B34C1E00E064F7 /* lily@2x.jpg in Resources */ = {isa = PBXBuildFile; fileRef = A66F343F18B34C1E00E064F7 /* lily@2x.jpg */; };
/* End PBXBuildFile section */

/* Begin PBXContainerItemProxy section */
		A655C1BE18A8DCAD009B1581 /* PBXContainerItemProxy */ = {
			isa = PBXContainerItemProxy;
			containerPortal = A655C18D18A8DCAC009B1581 /* Project object */;
			proxyType = 1;
			remoteGlobalIDString = A655C19418A8DCAC009B1581;
			remoteInfo = EMCarousel;
		};
/* End PBXContainerItemProxy section */

/* Begin PBXFileReference section */
		A62CC66018B234F50026D2C9 /* CarouselConstants.h */ = {isa = PBXFileReference; fileEncoding = 4; lastKnownFileType = sourcecode.c.h; path = CarouselConstants.h; sourceTree = "<group>"; };
		A62CC66118B234F50026D2C9 /* CarouselItem.h */ = {isa = PBXFileReference; fileEncoding = 4; lastKnownFileType = sourcecode.c.h; path = CarouselItem.h; sourceTree = "<group>"; };
		A62CC66218B234F50026D2C9 /* CarouselItem.m */ = {isa = PBXFileReference; fileEncoding = 4; lastKnownFileType = sourcecode.c.objc; path = CarouselItem.m; sourceTree = "<group>"; };
		A62CC66318B234F50026D2C9 /* CarouselItem.xib */ = {isa = PBXFileReference; fileEncoding = 4; lastKnownFileType = file.xib; path = CarouselItem.xib; sourceTree = "<group>"; };
		A62CC66418B234F50026D2C9 /* CarouselView.h */ = {isa = PBXFileReference; fileEncoding = 4; lastKnownFileType = sourcecode.c.h; path = CarouselView.h; sourceTree = "<group>"; };
		A62CC66518B234F50026D2C9 /* CarouselView.m */ = {isa = PBXFileReference; fileEncoding = 4; lastKnownFileType = sourcecode.c.objc; path = CarouselView.m; sourceTree = "<group>"; };
		A62CC66618B234F50026D2C9 /* NSArray+Circular.h */ = {isa = PBXFileReference; fileEncoding = 4; lastKnownFileType = sourcecode.c.h; path = "NSArray+Circular.h"; sourceTree = "<group>"; };
		A62CC66718B234F50026D2C9 /* NSArray+Circular.m */ = {isa = PBXFileReference; fileEncoding = 4; lastKnownFileType = sourcecode.c.objc; path = "NSArray+Circular.m"; sourceTree = "<group>"; };
		A62CC66C18B235620026D2C9 /* sample.png */ = {isa = PBXFileReference; lastKnownFileType = image.png; path = sample.png; sourceTree = "<group>"; };
		A62CC66E18B23EDA0026D2C9 /* DemoCarouselItem.h */ = {isa = PBXFileReference; fileEncoding = 4; lastKnownFileType = sourcecode.c.h; path = DemoCarouselItem.h; sourceTree = "<group>"; };
		A62CC66F18B23EDA0026D2C9 /* DemoCarouselItem.m */ = {isa = PBXFileReference; fileEncoding = 4; lastKnownFileType = sourcecode.c.objc; path = DemoCarouselItem.m; sourceTree = "<group>"; };
		A62CC67118B23EF90026D2C9 /* DemoCarouselItem.xib */ = {isa = PBXFileReference; fileEncoding = 4; lastKnownFileType = file.xib; path = DemoCarouselItem.xib; sourceTree = "<group>"; };
		A655C19518A8DCAC009B1581 /* EMCarousel.app */ = {isa = PBXFileReference; explicitFileType = wrapper.application; includeInIndex = 0; path = EMCarousel.app; sourceTree = BUILT_PRODUCTS_DIR; };
		A655C19818A8DCAC009B1581 /* Foundation.framework */ = {isa = PBXFileReference; lastKnownFileType = wrapper.framework; name = Foundation.framework; path = System/Library/Frameworks/Foundation.framework; sourceTree = SDKROOT; };
		A655C19A18A8DCAC009B1581 /* CoreGraphics.framework */ = {isa = PBXFileReference; lastKnownFileType = wrapper.framework; name = CoreGraphics.framework; path = System/Library/Frameworks/CoreGraphics.framework; sourceTree = SDKROOT; };
		A655C19C18A8DCAC009B1581 /* UIKit.framework */ = {isa = PBXFileReference; lastKnownFileType = wrapper.framework; name = UIKit.framework; path = System/Library/Frameworks/UIKit.framework; sourceTree = SDKROOT; };
		A655C1A018A8DCAC009B1581 /* EMCarousel-Info.plist */ = {isa = PBXFileReference; lastKnownFileType = text.plist.xml; path = "EMCarousel-Info.plist"; sourceTree = "<group>"; };
		A655C1A218A8DCAC009B1581 /* en */ = {isa = PBXFileReference; lastKnownFileType = text.plist.strings; name = en; path = en.lproj/InfoPlist.strings; sourceTree = "<group>"; };
		A655C1A418A8DCAC009B1581 /* main.m */ = {isa = PBXFileReference; lastKnownFileType = sourcecode.c.objc; path = main.m; sourceTree = "<group>"; };
		A655C1A618A8DCAC009B1581 /* EMCarousel-Prefix.pch */ = {isa = PBXFileReference; lastKnownFileType = sourcecode.c.h; path = "EMCarousel-Prefix.pch"; sourceTree = "<group>"; };
		A655C1A718A8DCAC009B1581 /* DemoAppDelegate.h */ = {isa = PBXFileReference; lastKnownFileType = sourcecode.c.h; path = DemoAppDelegate.h; sourceTree = "<group>"; };
		A655C1A818A8DCAC009B1581 /* DemoAppDelegate.m */ = {isa = PBXFileReference; lastKnownFileType = sourcecode.c.objc; path = DemoAppDelegate.m; sourceTree = "<group>"; };
		A655C1AB18A8DCAC009B1581 /* Base */ = {isa = PBXFileReference; lastKnownFileType = file.storyboard; name = Base; path = Base.lproj/Main_iPhone.storyboard; sourceTree = "<group>"; };
		A655C1AE18A8DCAC009B1581 /* Base */ = {isa = PBXFileReference; lastKnownFileType = file.storyboard; name = Base; path = Base.lproj/Main_iPad.storyboard; sourceTree = "<group>"; };
		A655C1B018A8DCAC009B1581 /* DemoViewController.h */ = {isa = PBXFileReference; lastKnownFileType = sourcecode.c.h; path = DemoViewController.h; sourceTree = "<group>"; };
		A655C1B118A8DCAC009B1581 /* DemoViewController.m */ = {isa = PBXFileReference; lastKnownFileType = sourcecode.c.objc; path = DemoViewController.m; sourceTree = "<group>"; };
		A655C1B318A8DCAC009B1581 /* Images.xcassets */ = {isa = PBXFileReference; lastKnownFileType = folder.assetcatalog; path = Images.xcassets; sourceTree = "<group>"; };
		A655C1B918A8DCAD009B1581 /* EMCarouselTests.xctest */ = {isa = PBXFileReference; explicitFileType = wrapper.cfbundle; includeInIndex = 0; path = EMCarouselTests.xctest; sourceTree = BUILT_PRODUCTS_DIR; };
		A655C1BA18A8DCAD009B1581 /* XCTest.framework */ = {isa = PBXFileReference; lastKnownFileType = wrapper.framework; name = XCTest.framework; path = Library/Frameworks/XCTest.framework; sourceTree = DEVELOPER_DIR; };
		A66F343A18B34C1E00E064F7 /* castle.jpg */ = {isa = PBXFileReference; lastKnownFileType = image.jpeg; path = castle.jpg; sourceTree = "<group>"; };
		A66F343B18B34C1E00E064F7 /* castle@2x.jpg */ = {isa = PBXFileReference; lastKnownFileType = image.jpeg; path = "castle@2x.jpg"; sourceTree = "<group>"; };
		A66F343C18B34C1E00E064F7 /* fageda.jpg */ = {isa = PBXFileReference; lastKnownFileType = image.jpeg; path = fageda.jpg; sourceTree = "<group>"; };
		A66F343D18B34C1E00E064F7 /* fageda@2x.jpg */ = {isa = PBXFileReference; lastKnownFileType = image.jpeg; path = "fageda@2x.jpg"; sourceTree = "<group>"; };
		A66F343E18B34C1E00E064F7 /* lily.jpg */ = {isa = PBXFileReference; lastKnownFileType = image.jpeg; path = lily.jpg; sourceTree = "<group>"; };
		A66F343F18B34C1E00E064F7 /* lily@2x.jpg */ = {isa = PBXFileReference; lastKnownFileType = image.jpeg; path = "lily@2x.jpg"; sourceTree = "<group>"; };
/* End PBXFileReference section */

/* Begin PBXFrameworksBuildPhase section */
		A655C19218A8DCAC009B1581 /* Frameworks */ = {
			isa = PBXFrameworksBuildPhase;
			buildActionMask = 2147483647;
			files = (
				A655C19B18A8DCAC009B1581 /* CoreGraphics.framework in Frameworks */,
				A655C19D18A8DCAC009B1581 /* UIKit.framework in Frameworks */,
				A655C19918A8DCAC009B1581 /* Foundation.framework in Frameworks */,
			);
			runOnlyForDeploymentPostprocessing = 0;
		};
		A655C1B618A8DCAD009B1581 /* Frameworks */ = {
			isa = PBXFrameworksBuildPhase;
			buildActionMask = 2147483647;
			files = (
				A655C1BB18A8DCAD009B1581 /* XCTest.framework in Frameworks */,
				A655C1BD18A8DCAD009B1581 /* UIKit.framework in Frameworks */,
				A655C1BC18A8DCAD009B1581 /* Foundation.framework in Frameworks */,
			);
			runOnlyForDeploymentPostprocessing = 0;
		};
/* End PBXFrameworksBuildPhase section */

/* Begin PBXGroup section */
		A62CC65F18B234F50026D2C9 /* EMCarousel */ = {
			isa = PBXGroup;
			children = (
				A62CC66018B234F50026D2C9 /* CarouselConstants.h */,
				A62CC66118B234F50026D2C9 /* CarouselItem.h */,
				A62CC66218B234F50026D2C9 /* CarouselItem.m */,
				A62CC66318B234F50026D2C9 /* CarouselItem.xib */,
				A62CC66418B234F50026D2C9 /* CarouselView.h */,
				A62CC66518B234F50026D2C9 /* CarouselView.m */,
				A62CC66618B234F50026D2C9 /* NSArray+Circular.h */,
				A62CC66718B234F50026D2C9 /* NSArray+Circular.m */,
			);
			path = EMCarousel;
			sourceTree = "<group>";
		};
		A655C18C18A8DCAC009B1581 = {
			isa = PBXGroup;
			children = (
				A655C19E18A8DCAC009B1581 /* EMCarousel */,
				A655C19718A8DCAC009B1581 /* Frameworks */,
				A655C19618A8DCAC009B1581 /* Products */,
			);
			sourceTree = "<group>";
		};
		A655C19618A8DCAC009B1581 /* Products */ = {
			isa = PBXGroup;
			children = (
				A655C19518A8DCAC009B1581 /* EMCarousel.app */,
				A655C1B918A8DCAD009B1581 /* EMCarouselTests.xctest */,
			);
			name = Products;
			sourceTree = "<group>";
		};
		A655C19718A8DCAC009B1581 /* Frameworks */ = {
			isa = PBXGroup;
			children = (
				A655C19818A8DCAC009B1581 /* Foundation.framework */,
				A655C19A18A8DCAC009B1581 /* CoreGraphics.framework */,
				A655C19C18A8DCAC009B1581 /* UIKit.framework */,
				A655C1BA18A8DCAD009B1581 /* XCTest.framework */,
			);
			name = Frameworks;
			sourceTree = "<group>";
		};
		A655C19E18A8DCAC009B1581 /* EMCarousel */ = {
			isa = PBXGroup;
			children = (
				A66F343918B34C1E00E064F7 /* images */,
				A62CC65F18B234F50026D2C9 /* EMCarousel */,
				A655C1A718A8DCAC009B1581 /* DemoAppDelegate.h */,
				A655C1A818A8DCAC009B1581 /* DemoAppDelegate.m */,
				A655C1AA18A8DCAC009B1581 /* Main_iPhone.storyboard */,
				A655C1AD18A8DCAC009B1581 /* Main_iPad.storyboard */,
				A655C1B018A8DCAC009B1581 /* DemoViewController.h */,
				A655C1B118A8DCAC009B1581 /* DemoViewController.m */,
				A62CC66E18B23EDA0026D2C9 /* DemoCarouselItem.h */,
				A62CC66F18B23EDA0026D2C9 /* DemoCarouselItem.m */,
				A62CC67118B23EF90026D2C9 /* DemoCarouselItem.xib */,
				A655C1B318A8DCAC009B1581 /* Images.xcassets */,
				A655C19F18A8DCAC009B1581 /* Supporting Files */,
			);
			path = EMCarousel;
			sourceTree = "<group>";
		};
		A655C19F18A8DCAC009B1581 /* Supporting Files */ = {
			isa = PBXGroup;
			children = (
				A62CC66C18B235620026D2C9 /* sample.png */,
				A655C1A018A8DCAC009B1581 /* EMCarousel-Info.plist */,
				A655C1A118A8DCAC009B1581 /* InfoPlist.strings */,
				A655C1A418A8DCAC009B1581 /* main.m */,
				A655C1A618A8DCAC009B1581 /* EMCarousel-Prefix.pch */,
			);
			name = "Supporting Files";
			sourceTree = "<group>";
		};
		A66F343918B34C1E00E064F7 /* images */ = {
			isa = PBXGroup;
			children = (
				A66F343A18B34C1E00E064F7 /* castle.jpg */,
				A66F343B18B34C1E00E064F7 /* castle@2x.jpg */,
				A66F343C18B34C1E00E064F7 /* fageda.jpg */,
				A66F343D18B34C1E00E064F7 /* fageda@2x.jpg */,
				A66F343E18B34C1E00E064F7 /* lily.jpg */,
				A66F343F18B34C1E00E064F7 /* lily@2x.jpg */,
			);
			path = images;
			sourceTree = "<group>";
		};
/* End PBXGroup section */

/* Begin PBXNativeTarget section */
		A655C19418A8DCAC009B1581 /* EMCarousel */ = {
			isa = PBXNativeTarget;
			buildConfigurationList = A655C1CA18A8DCAD009B1581 /* Build configuration list for PBXNativeTarget "EMCarousel" */;
			buildPhases = (
				A655C19118A8DCAC009B1581 /* Sources */,
				A655C19218A8DCAC009B1581 /* Frameworks */,
				A655C19318A8DCAC009B1581 /* Resources */,
			);
			buildRules = (
			);
			dependencies = (
			);
			name = EMCarousel;
			productName = EMCarousel;
			productReference = A655C19518A8DCAC009B1581 /* EMCarousel.app */;
			productType = "com.apple.product-type.application";
		};
		A655C1B818A8DCAD009B1581 /* EMCarouselTests */ = {
			isa = PBXNativeTarget;
			buildConfigurationList = A655C1CD18A8DCAD009B1581 /* Build configuration list for PBXNativeTarget "EMCarouselTests" */;
			buildPhases = (
				A655C1B518A8DCAD009B1581 /* Sources */,
				A655C1B618A8DCAD009B1581 /* Frameworks */,
				A655C1B718A8DCAD009B1581 /* Resources */,
			);
			buildRules = (
			);
			dependencies = (
				A655C1BF18A8DCAD009B1581 /* PBXTargetDependency */,
			);
			name = EMCarouselTests;
			productName = EMCarouselTests;
			productReference = A655C1B918A8DCAD009B1581 /* EMCarouselTests.xctest */;
			productType = "com.apple.product-type.bundle.unit-test";
		};
/* End PBXNativeTarget section */

/* Begin PBXProject section */
		A655C18D18A8DCAC009B1581 /* Project object */ = {
			isa = PBXProject;
			attributes = {
				CLASSPREFIX = EM;
				LastUpgradeCheck = 0510;
				ORGANIZATIONNAME = "Eva Madrazo";
				TargetAttributes = {
					A655C1B818A8DCAD009B1581 = {
						TestTargetID = A655C19418A8DCAC009B1581;
					};
				};
			};
			buildConfigurationList = A655C19018A8DCAC009B1581 /* Build configuration list for PBXProject "EMCarousel" */;
			compatibilityVersion = "Xcode 3.2";
			developmentRegion = English;
			hasScannedForEncodings = 0;
			knownRegions = (
				en,
				Base,
			);
			mainGroup = A655C18C18A8DCAC009B1581;
			productRefGroup = A655C19618A8DCAC009B1581 /* Products */;
			projectDirPath = "";
			projectRoot = "";
			targets = (
				A655C19418A8DCAC009B1581 /* EMCarousel */,
				A655C1B818A8DCAD009B1581 /* EMCarouselTests */,
			);
		};
/* End PBXProject section */

/* Begin PBXResourcesBuildPhase section */
		A655C19318A8DCAC009B1581 /* Resources */ = {
			isa = PBXResourcesBuildPhase;
			buildActionMask = 2147483647;
			files = (
				A66F344518B34C1E00E064F7 /* lily@2x.jpg in Resources */,
				A655C1AF18A8DCAC009B1581 /* Main_iPad.storyboard in Resources */,
				A66F344418B34C1E00E064F7 /* lily.jpg in Resources */,
				A62CC66918B234F50026D2C9 /* CarouselItem.xib in Resources */,
				A655C1B418A8DCAC009B1581 /* Images.xcassets in Resources */,
				A66F344218B34C1E00E064F7 /* fageda.jpg in Resources */,
				A66F344118B34C1E00E064F7 /* castle@2x.jpg in Resources */,
				A655C1AC18A8DCAC009B1581 /* Main_iPhone.storyboard in Resources */,
				A62CC67218B23EF90026D2C9 /* DemoCarouselItem.xib in Resources */,
				A66F344018B34C1E00E064F7 /* castle.jpg in Resources */,
				A66F344318B34C1E00E064F7 /* fageda@2x.jpg in Resources */,
				A62CC66D18B235620026D2C9 /* sample.png in Resources */,
				A655C1A318A8DCAC009B1581 /* InfoPlist.strings in Resources */,
			);
			runOnlyForDeploymentPostprocessing = 0;
		};
		A655C1B718A8DCAD009B1581 /* Resources */ = {
			isa = PBXResourcesBuildPhase;
			buildActionMask = 2147483647;
			files = (
			);
			runOnlyForDeploymentPostprocessing = 0;
		};
/* End PBXResourcesBuildPhase section */

/* Begin PBXSourcesBuildPhase section */
		A655C19118A8DCAC009B1581 /* Sources */ = {
			isa = PBXSourcesBuildPhase;
			buildActionMask = 2147483647;
			files = (
				A655C1B218A8DCAC009B1581 /* DemoViewController.m in Sources */,
				A62CC67018B23EDA0026D2C9 /* DemoCarouselItem.m in Sources */,
				A655C1A918A8DCAC009B1581 /* DemoAppDelegate.m in Sources */,
				A62CC66818B234F50026D2C9 /* CarouselItem.m in Sources */,
				A62CC66B18B234F50026D2C9 /* NSArray+Circular.m in Sources */,
				A62CC66A18B234F50026D2C9 /* CarouselView.m in Sources */,
				A655C1A518A8DCAC009B1581 /* main.m in Sources */,
			);
			runOnlyForDeploymentPostprocessing = 0;
		};
		A655C1B518A8DCAD009B1581 /* Sources */ = {
			isa = PBXSourcesBuildPhase;
			buildActionMask = 2147483647;
			files = (
			);
			runOnlyForDeploymentPostprocessing = 0;
		};
/* End PBXSourcesBuildPhase section */

/* Begin PBXTargetDependency section */
		A655C1BF18A8DCAD009B1581 /* PBXTargetDependency */ = {
			isa = PBXTargetDependency;
			target = A655C19418A8DCAC009B1581 /* EMCarousel */;
			targetProxy = A655C1BE18A8DCAD009B1581 /* PBXContainerItemProxy */;
		};
/* End PBXTargetDependency section */

/* Begin PBXVariantGroup section */
		A655C1A118A8DCAC009B1581 /* InfoPlist.strings */ = {
			isa = PBXVariantGroup;
			children = (
				A655C1A218A8DCAC009B1581 /* en */,
			);
			name = InfoPlist.strings;
			sourceTree = "<group>";
		};
		A655C1AA18A8DCAC009B1581 /* Main_iPhone.storyboard */ = {
			isa = PBXVariantGroup;
			children = (
				A655C1AB18A8DCAC009B1581 /* Base */,
			);
			name = Main_iPhone.storyboard;
			sourceTree = "<group>";
		};
		A655C1AD18A8DCAC009B1581 /* Main_iPad.storyboard */ = {
			isa = PBXVariantGroup;
			children = (
				A655C1AE18A8DCAC009B1581 /* Base */,
			);
			name = Main_iPad.storyboard;
			sourceTree = "<group>";
		};
/* End PBXVariantGroup section */

/* Begin XCBuildConfiguration section */
		A655C1C818A8DCAD009B1581 /* Debug */ = {
			isa = XCBuildConfiguration;
			buildSettings = {
				ALWAYS_SEARCH_USER_PATHS = NO;
				CLANG_CXX_LANGUAGE_STANDARD = "gnu++0x";
				CLANG_CXX_LIBRARY = "libc++";
				CLANG_ENABLE_MODULES = YES;
				CLANG_ENABLE_OBJC_ARC = YES;
				CLANG_WARN_BOOL_CONVERSION = YES;
				CLANG_WARN_CONSTANT_CONVERSION = YES;
				CLANG_WARN_DIRECT_OBJC_ISA_USAGE = YES_ERROR;
				CLANG_WARN_EMPTY_BODY = YES;
				CLANG_WARN_ENUM_CONVERSION = YES;
				CLANG_WARN_INT_CONVERSION = YES;
				CLANG_WARN_OBJC_ROOT_CLASS = YES_ERROR;
				CLANG_WARN__DUPLICATE_METHOD_MATCH = YES;
				"CODE_SIGN_IDENTITY[sdk=iphoneos*]" = "iPhone Developer";
				COPY_PHASE_STRIP = NO;
				GCC_C_LANGUAGE_STANDARD = gnu99;
				GCC_DYNAMIC_NO_PIC = NO;
				GCC_OPTIMIZATION_LEVEL = 0;
				GCC_PREPROCESSOR_DEFINITIONS = (
					"DEBUG=1",
					"$(inherited)",
				);
				GCC_SYMBOLS_PRIVATE_EXTERN = NO;
				GCC_WARN_64_TO_32_BIT_CONVERSION = YES;
				GCC_WARN_ABOUT_RETURN_TYPE = YES_ERROR;
				GCC_WARN_UNDECLARED_SELECTOR = YES;
				GCC_WARN_UNINITIALIZED_AUTOS = YES;
				GCC_WARN_UNUSED_FUNCTION = YES;
				GCC_WARN_UNUSED_VARIABLE = YES;
				IPHONEOS_DEPLOYMENT_TARGET = 7.0;
				ONLY_ACTIVE_ARCH = YES;
				SDKROOT = iphoneos;
				TARGETED_DEVICE_FAMILY = "1,2";
			};
			name = Debug;
		};
		A655C1C918A8DCAD009B1581 /* Release */ = {
			isa = XCBuildConfiguration;
			buildSettings = {
				ALWAYS_SEARCH_USER_PATHS = NO;
				CLANG_CXX_LANGUAGE_STANDARD = "gnu++0x";
				CLANG_CXX_LIBRARY = "libc++";
				CLANG_ENABLE_MODULES = YES;
				CLANG_ENABLE_OBJC_ARC = YES;
				CLANG_WARN_BOOL_CONVERSION = YES;
				CLANG_WARN_CONSTANT_CONVERSION = YES;
				CLANG_WARN_DIRECT_OBJC_ISA_USAGE = YES_ERROR;
				CLANG_WARN_EMPTY_BODY = YES;
				CLANG_WARN_ENUM_CONVERSION = YES;
				CLANG_WARN_INT_CONVERSION = YES;
				CLANG_WARN_OBJC_ROOT_CLASS = YES_ERROR;
				CLANG_WARN__DUPLICATE_METHOD_MATCH = YES;
				"CODE_SIGN_IDENTITY[sdk=iphoneos*]" = "iPhone Developer";
				COPY_PHASE_STRIP = YES;
				ENABLE_NS_ASSERTIONS = NO;
				GCC_C_LANGUAGE_STANDARD = gnu99;
				GCC_WARN_64_TO_32_BIT_CONVERSION = YES;
				GCC_WARN_ABOUT_RETURN_TYPE = YES_ERROR;
				GCC_WARN_UNDECLARED_SELECTOR = YES;
				GCC_WARN_UNINITIALIZED_AUTOS = YES;
				GCC_WARN_UNUSED_FUNCTION = YES;
				GCC_WARN_UNUSED_VARIABLE = YES;
				IPHONEOS_DEPLOYMENT_TARGET = 7.0;
				SDKROOT = iphoneos;
				TARGETED_DEVICE_FAMILY = "1,2";
				VALIDATE_PRODUCT = YES;
			};
			name = Release;
		};
		A655C1CB18A8DCAD009B1581 /* Debug */ = {
			isa = XCBuildConfiguration;
			buildSettings = {
				ASSETCATALOG_COMPILER_APPICON_NAME = AppIcon;
				ASSETCATALOG_COMPILER_LAUNCHIMAGE_NAME = LaunchImage;
				GCC_PRECOMPILE_PREFIX_HEADER = YES;
				GCC_PREFIX_HEADER = "EMCarousel/EMCarousel-Prefix.pch";
				INFOPLIST_FILE = "EMCarousel/EMCarousel-Info.plist";
				PRODUCT_NAME = "$(TARGET_NAME)";
				WRAPPER_EXTENSION = app;
			};
			name = Debug;
		};
		A655C1CC18A8DCAD009B1581 /* Release */ = {
			isa = XCBuildConfiguration;
			buildSettings = {
				ASSETCATALOG_COMPILER_APPICON_NAME = AppIcon;
				ASSETCATALOG_COMPILER_LAUNCHIMAGE_NAME = LaunchImage;
				GCC_PRECOMPILE_PREFIX_HEADER = YES;
				GCC_PREFIX_HEADER = "EMCarousel/EMCarousel-Prefix.pch";
				INFOPLIST_FILE = "EMCarousel/EMCarousel-Info.plist";
				PRODUCT_NAME = "$(TARGET_NAME)";
				WRAPPER_EXTENSION = app;
			};
			name = Release;
		};
		A655C1CE18A8DCAD009B1581 /* Debug */ = {
			isa = XCBuildConfiguration;
			buildSettings = {
				BUNDLE_LOADER = "$(BUILT_PRODUCTS_DIR)/EMCarousel.app/EMCarousel";
				FRAMEWORK_SEARCH_PATHS = (
					"$(SDKROOT)/Developer/Library/Frameworks",
					"$(inherited)",
					"$(DEVELOPER_FRAMEWORKS_DIR)",
				);
				GCC_PRECOMPILE_PREFIX_HEADER = YES;
				GCC_PREFIX_HEADER = "EMCarousel/EMCarousel-Prefix.pch";
				GCC_PREPROCESSOR_DEFINITIONS = (
					"DEBUG=1",
					"$(inherited)",
				);
				INFOPLIST_FILE = "EMCarouselTests/EMCarouselTests-Info.plist";
				PRODUCT_NAME = "$(TARGET_NAME)";
				TEST_HOST = "$(BUNDLE_LOADER)";
				WRAPPER_EXTENSION = xctest;
			};
			name = Debug;
		};
		A655C1CF18A8DCAD009B1581 /* Release */ = {
			isa = XCBuildConfiguration;
			buildSettings = {
				BUNDLE_LOADER = "$(BUILT_PRODUCTS_DIR)/EMCarousel.app/EMCarousel";
				FRAMEWORK_SEARCH_PATHS = (
					"$(SDKROOT)/Developer/Library/Frameworks",
					"$(inherited)",
					"$(DEVELOPER_FRAMEWORKS_DIR)",
				);
				GCC_PRECOMPILE_PREFIX_HEADER = YES;
				GCC_PREFIX_HEADER = "EMCarousel/EMCarousel-Prefix.pch";
				INFOPLIST_FILE = "EMCarouselTests/EMCarouselTests-Info.plist";
				PRODUCT_NAME = "$(TARGET_NAME)";
				TEST_HOST = "$(BUNDLE_LOADER)";
				WRAPPER_EXTENSION = xctest;
			};
			name = Release;
		};
/* End XCBuildConfiguration section */

/* Begin XCConfigurationList section */
		A655C19018A8DCAC009B1581 /* Build configuration list for PBXProject "EMCarousel" */ = {
			isa = XCConfigurationList;
			buildConfigurations = (
				A655C1C818A8DCAD009B1581 /* Debug */,
				A655C1C918A8DCAD009B1581 /* Release */,
			);
			defaultConfigurationIsVisible = 0;
			defaultConfigurationName = Release;
		};
		A655C1CA18A8DCAD009B1581 /* Build configuration list for PBXNativeTarget "EMCarousel" */ = {
			isa = XCConfigurationList;
			buildConfigurations = (
				A655C1CB18A8DCAD009B1581 /* Debug */,
				A655C1CC18A8DCAD009B1581 /* Release */,
			);
			defaultConfigurationIsVisible = 0;
			defaultConfigurationName = Release;
		};
		A655C1CD18A8DCAD009B1581 /* Build configuration list for PBXNativeTarget "EMCarouselTests" */ = {
			isa = XCConfigurationList;
			buildConfigurations = (
				A655C1CE18A8DCAD009B1581 /* Debug */,
				A655C1CF18A8DCAD009B1581 /* Release */,
			);
			defaultConfigurationIsVisible = 0;
			defaultConfigurationName = Release;
		};
/* End XCConfigurationList section */
	};
	rootObject = A655C18D18A8DCAC009B1581 /* Project object */;
}
